
Microsoft Visual Studio Solution File, Format Version 12.00
# Visual Studio Version 17
VisualStudioVersion = 17.2.32526.322
MinimumVisualStudioVersion = 10.0.40219.1
Project("{54A90642-561A-4BB1-A94E-469ADEE60C69}") = "Front", "Front\Front.esproj", "{CA492D96-0BE8-43D1-99EB-C6F606053D2B}"
EndProject
Project("{FAE04EC0-301F-11D3-BF4B-00C04F79EFBC}") = "Back", "Back\Back.csproj", "{C3B14780-4FCA-48A5-8749-6354FFB85840}"
EndProject
Global
	GlobalSection(SolutionConfigurationPlatforms) = preSolution
		Debug|Any CPU = Debug|Any CPU
		Release|Any CPU = Release|Any CPU
	EndGlobalSection
	GlobalSection(ProjectConfigurationPlatforms) = postSolution
		{CA492D96-0BE8-43D1-99EB-C6F606053D2B}.Debug|Any CPU.ActiveCfg = Debug|Any CPU
		{CA492D96-0BE8-43D1-99EB-C6F606053D2B}.Debug|Any CPU.Build.0 = Debug|Any CPU
		{CA492D96-0BE8-43D1-99EB-C6F606053D2B}.Debug|Any CPU.Deploy.0 = Debug|Any CPU
		{CA492D96-0BE8-43D1-99EB-C6F606053D2B}.Release|Any CPU.ActiveCfg = Release|Any CPU
		{CA492D96-0BE8-43D1-99EB-C6F606053D2B}.Release|Any CPU.Build.0 = Release|Any CPU
		{CA492D96-0BE8-43D1-99EB-C6F606053D2B}.Release|Any CPU.Deploy.0 = Release|Any CPU
		{C3B14780-4FCA-48A5-8749-6354FFB85840}.Debug|Any CPU.ActiveCfg = Debug|Any CPU
		{C3B14780-4FCA-48A5-8749-6354FFB85840}.Debug|Any CPU.Build.0 = Debug|Any CPU
		{C3B14780-4FCA-48A5-8749-6354FFB85840}.Release|Any CPU.ActiveCfg = Release|Any CPU
		{C3B14780-4FCA-48A5-8749-6354FFB85840}.Release|Any CPU.Build.0 = Release|Any CPU
	EndGlobalSection
	GlobalSection(SolutionProperties) = preSolution
		HideSolutionNode = FALSE
	EndGlobalSection
	GlobalSection(ExtensibilityGlobals) = postSolution
		SolutionGuid = {57B36211-71C1-4B59-B0CF-931C7013CED7}
	EndGlobalSection
EndGlobal
